[[package]]
category = "main"
description = "File support for asyncio."
name = "aiofiles"
optional = false
python-versions = "*"
version = "0.4.0"

[[package]]
category = "main"
description = "A database migration tool for SQLAlchemy."
name = "alembic"
optional = false
python-versions = ">=2.7, !=3.0.*, !=3.1.*, !=3.2.*, !=3.3.*"
version = "1.2.1"

[package.dependencies]
Mako = "*"
SQLAlchemy = ">=1.1.0"
python-dateutil = "*"
python-editor = ">=0.3"

[[package]]
category = "dev"
description = "A small Python module for determining appropriate platform-specific dirs, e.g. a \"user data dir\"."
name = "appdirs"
optional = false
python-versions = "*"
version = "1.4.3"

[[package]]
category = "main"
description = "In-process task scheduler with Cron-like capabilities"
name = "apscheduler"
optional = false
python-versions = "*"
version = "3.6.1"

[package.dependencies]
pytz = "*"
setuptools = ">=0.7"
six = ">=1.4.0"
tzlocal = ">=1.2"

[package.extras]
asyncio = ["trollius"]
doc = ["sphinx", "sphinx-rtd-theme"]
gevent = ["gevent"]
mongodb = ["pymongo (>=2.8)"]
redis = ["redis (>=3.0)"]
rethinkdb = ["rethinkdb (>=2.4.0)"]
sqlalchemy = ["sqlalchemy (>=0.8)"]
testing = ["pytest (<3.7)", "pytest-cov", "pytest-tornado5", "mock", "pytest-asyncio (<0.6)", "pytest-asyncio"]
tornado = ["tornado (>=4.3)"]
twisted = ["twisted"]
zookeeper = ["kazoo"]

[[package]]
category = "main"
description = "The secure Argon2 password hashing algorithm."
marker = "extra == \"argon2\""
name = "argon2-cffi"
optional = false
python-versions = "*"
version = "19.2.0"

[package.dependencies]
cffi = ">=1.0.0"
six = "*"

[package.extras]
dev = ["coverage", "hypothesis", "pytest", "sphinx", "wheel", "pre-commit"]
docs = ["sphinx"]
tests = ["coverage", "hypothesis", "pytest"]

[[package]]
category = "dev"
description = "Atomic file writes."
name = "atomicwrites"
optional = false
python-versions = ">=2.7, !=3.0.*, !=3.1.*, !=3.2.*, !=3.3.*"
version = "1.3.0"

[[package]]
category = "dev"
description = "Classes Without Boilerplate"
name = "attrs"
optional = false
python-versions = ">=2.7, !=3.0.*, !=3.1.*, !=3.2.*, !=3.3.*"
version = "19.3.0"

[package.extras]
azure-pipelines = ["coverage", "hypothesis", "pympler", "pytest (>=4.3.0)", "six", "zope.interface", "pytest-azurepipelines"]
dev = ["coverage", "hypothesis", "pympler", "pytest (>=4.3.0)", "six", "zope.interface", "sphinx", "pre-commit"]
docs = ["sphinx", "zope.interface"]
tests = ["coverage", "hypothesis", "pympler", "pytest (>=4.3.0)", "six", "zope.interface"]

[[package]]
category = "dev"
description = "The uncompromising code formatter."
name = "black"
optional = false
python-versions = ">=3.6"
version = "18.9b0"

[package.dependencies]
appdirs = "*"
attrs = ">=17.4.0"
click = ">=6.5"
toml = ">=0.9.4"

[package.extras]
d = ["aiohttp (>=3.3.2)"]

[[package]]
category = "main"
description = "Lightweight, extensible schema and data validation tool for Python dictionaries."
name = "cerberus"
optional = false
python-versions = ">=2.7"
version = "1.3.1"

[[package]]
category = "main"
description = "Python package for providing Mozilla's CA Bundle."
name = "certifi"
optional = false
python-versions = "*"
version = "2019.9.11"

[[package]]
category = "main"
description = "Foreign Function Interface for Python calling C code."
marker = "extra == \"argon2\""
name = "cffi"
optional = false
python-versions = "*"
version = "1.13.1"

[package.dependencies]
pycparser = "*"

[[package]]
category = "main"
description = "Universal encoding detector for Python 2 and 3"
name = "chardet"
optional = false
python-versions = "*"
version = "3.0.4"

[[package]]
category = "dev"
description = "Composable command line interface toolkit"
name = "click"
optional = false
python-versions = ">=2.7, !=3.0.*, !=3.1.*, !=3.2.*, !=3.3.*"
version = "7.0"

[[package]]
category = "dev"
description = "Cross-platform colored terminal text."
marker = "sys_platform == \"win32\""
name = "colorama"
optional = false
python-versions = ">=2.7, !=3.0.*, !=3.1.*, !=3.2.*, !=3.3.*"
version = "0.4.1"

[[package]]
category = "dev"
description = "Code coverage measurement for Python"
name = "coverage"
optional = false
python-versions = ">=2.6, !=3.0.*, !=3.1.*, !=3.2.*, <4"
version = "4.5.4"

[[package]]
category = "main"
description = "Decorators for Humans"
name = "decorator"
optional = false
python-versions = ">=2.6, !=3.0.*, !=3.1.*"
version = "4.4.1"

[[package]]
category = "main"
description = "A pure-Python, bring-your-own-I/O implementation of HTTP/1.1"
name = "h11"
optional = false
python-versions = "*"
version = "0.8.1"

[[package]]
category = "main"
description = "HTTP/2 State-Machine based protocol implementation"
name = "h2"
optional = false
python-versions = "*"
version = "3.1.1"

[package.dependencies]
hpack = ">=2.3,<4"
hyperframe = ">=5.2.0,<6"

[[package]]
category = "main"
description = "Pure-Python HPACK header compression"
name = "hpack"
optional = false
python-versions = "*"
version = "3.0.0"

[[package]]
category = "main"
description = "..."
name = "httpcore"
optional = false
python-versions = ">=3.6"
version = "0.3.0"

[package.dependencies]
certifi = "*"
chardet = ">=3.0.0,<4.0.0"
h11 = ">=0.8.0,<0.9.0"
h2 = ">=3.0.0,<4.0.0"
idna = ">=2.0.0,<3.0.0"
rfc3986 = ">=1.0.0,<2.0.0"

[[package]]
category = "main"
description = "A collection of framework independent HTTP protocol utils."
name = "httptools"
optional = false
python-versions = "*"
version = "0.0.13"

[[package]]
category = "main"
description = "HTTP/2 framing layer for Python"
name = "hyperframe"
optional = false
python-versions = "*"
version = "5.2.0"

[[package]]
category = "main"
description = "Internationalized Domain Names in Applications (IDNA)"
name = "idna"
optional = false
python-versions = ">=2.7, !=3.0.*, !=3.1.*, !=3.2.*, !=3.3.*"
version = "2.8"

[[package]]
category = "dev"
description = "Read metadata from Python packages"
marker = "python_version < \"3.8\""
name = "importlib-metadata"
optional = false
python-versions = ">=2.7,!=3.0,!=3.1,!=3.2,!=3.3"
version = "0.23"

[package.dependencies]
zipp = ">=0.5"

[package.extras]
docs = ["sphinx", "rst.linker"]
testing = ["packaging", "importlib-resources"]

[[package]]
category = "dev"
description = "A Python utility / library to sort Python imports."
name = "isort"
optional = false
python-versions = ">=2.7, !=3.0.*, !=3.1.*, !=3.2.*, !=3.3.*"
version = "4.3.21"

[package.extras]
pipfile = ["pipreqs", "requirementslib"]
pyproject = ["toml"]
requirements = ["pipreqs", "pip-api"]
xdg_home = ["appdirs (>=1.4.0)"]

[[package]]
category = "main"
description = "A super-fast templating language that borrows the  best ideas from the existing templating languages."
name = "mako"
optional = false
python-versions = ">=2.7, !=3.0.*, !=3.1.*, !=3.2.*, !=3.3.*"
version = "1.1.0"

[package.dependencies]
MarkupSafe = ">=0.9.2"

[[package]]
category = "main"
description = "Safely add untrusted strings to HTML/XML markup."
name = "markupsafe"
optional = false
python-versions = ">=2.7,!=3.0.*,!=3.1.*,!=3.2.*,!=3.3.*"
version = "1.1.1"

[[package]]
category = "dev"
description = "More routines for operating on iterables, beyond itertools"
name = "more-itertools"
optional = false
python-versions = ">=3.4"
version = "7.2.0"

[[package]]
category = "main"
description = "multidict implementation"
name = "multidict"
optional = false
python-versions = ">=3.4.1"
version = "4.5.2"

[[package]]
category = "main"
description = "Python package for creating and manipulating graphs and networks"
name = "networkx"
optional = false
python-versions = ">=3.5"
version = "2.4"

[package.dependencies]
decorator = ">=4.3.0"

[package.extras]
all = ["numpy", "scipy", "pandas", "matplotlib", "pygraphviz", "pydot", "pyyaml", "gdal", "lxml", "pytest"]
gdal = ["gdal"]
lxml = ["lxml"]
matplotlib = ["matplotlib"]
numpy = ["numpy"]
pandas = ["pandas"]
pydot = ["pydot"]
pygraphviz = ["pygraphviz"]
pytest = ["pytest"]
pyyaml = ["pyyaml"]
scipy = ["scipy"]

[[package]]
category = "main"
description = "comprehensive password hashing framework supporting over 30 schemes"
name = "passlib"
optional = false
python-versions = "*"
version = "1.7.1"

[package.dependencies]
[package.dependencies.argon2-cffi]
optional = true
version = ">=16.2"

[package.extras]
argon2 = ["argon2-cffi (>=16.2)"]
bcrypt = ["bcrypt (>=3.1.0)"]
totp = ["cryptography"]

[[package]]
category = "dev"
description = "plugin and hook calling mechanisms for python"
name = "pluggy"
optional = false
python-versions = ">=2.7, !=3.0.*, !=3.1.*, !=3.2.*, !=3.3.*"
version = "0.13.0"

[package.dependencies]
[package.dependencies.importlib-metadata]
python = "<3.8"
version = ">=0.12"

[package.extras]
dev = ["pre-commit", "tox"]

[[package]]
category = "main"
description = "psycopg2 - Python-PostgreSQL Database Adapter"
name = "psycopg2"
optional = false
python-versions = ">=2.7,!=3.0.*,!=3.1.*,!=3.2.*,!=3.3.*"
version = "2.8.4"

[[package]]
category = "dev"
description = "library with cross-python path, ini-parsing, io, code, log facilities"
name = "py"
optional = false
python-versions = ">=2.7, !=3.0.*, !=3.1.*, !=3.2.*, !=3.3.*"
version = "1.8.0"

[[package]]
category = "main"
description = "C parser in Python"
marker = "extra == \"argon2\""
name = "pycparser"
optional = false
python-versions = ">=2.7, !=3.0.*, !=3.1.*, !=3.2.*, !=3.3.*"
version = "2.19"

[[package]]
category = "main"
description = "JSON Web Token implementation in Python"
name = "pyjwt"
optional = false
python-versions = "*"
version = "1.7.1"

[package.extras]
crypto = ["cryptography (>=1.4)"]
flake8 = ["flake8", "flake8-import-order", "pep8-naming"]
test = ["pytest (>=4.0.1,<5.0.0)", "pytest-cov (>=2.6.0,<3.0.0)", "pytest-runner (>=4.2,<5.0.0)"]

[[package]]
category = "dev"
description = "pytest: simple powerful testing with Python"
name = "pytest"
optional = false
python-versions = ">=2.7, !=3.0.*, !=3.1.*, !=3.2.*, !=3.3.*"
version = "3.10.1"

[package.dependencies]
atomicwrites = ">=1.0"
attrs = ">=17.4.0"
colorama = "*"
more-itertools = ">=4.0.0"
pluggy = ">=0.7"
py = ">=1.5.0"
setuptools = "*"
six = ">=1.10.0"

[[package]]
category = "dev"
description = "Pytest plugin for measuring coverage."
name = "pytest-cov"
optional = false
python-versions = ">=2.7, !=3.0.*, !=3.1.*, !=3.2.*, !=3.3.*"
version = "2.8.1"

[package.dependencies]
coverage = ">=4.4"
pytest = ">=3.6"

[package.extras]
testing = ["fields", "hunter", "process-tests (2.0.2)", "six", "virtualenv"]

[[package]]
category = "main"
description = "Extensions to the standard Python datetime module"
name = "python-dateutil"
optional = false
python-versions = ">=2.7, !=3.0.*, !=3.1.*, !=3.2.*"
version = "2.8.0"

[package.dependencies]
six = ">=1.5"

[[package]]
category = "main"
description = "Add .env support to your django/flask apps in development and deployments"
name = "python-dotenv"
optional = false
python-versions = "*"
version = "0.10.3"

[package.extras]
cli = ["click (>=5.0)"]

[[package]]
category = "main"
description = "Programmatically open an editor, capture the result."
name = "python-editor"
optional = false
python-versions = "*"
version = "1.0.4"

[[package]]
category = "main"
description = "Engine.IO server"
name = "python-engineio"
optional = false
python-versions = "*"
version = "3.10.0"

[package.dependencies]
six = ">=1.9.0"

[package.extras]
asyncio_client = ["aiohttp (>=3.4)", "websockets (>=7.0)"]
client = ["requests (>=2.21.0)", "websocket-client (>=0.54.0)"]

[[package]]
category = "main"
description = "Socket.IO server"
name = "python-socketio"
optional = false
python-versions = "*"
version = "4.3.1"

[package.dependencies]
python-engineio = ">=3.9.0"
six = ">=1.9.0"

[package.extras]
asyncio_client = ["aiohttp (>=3.4)", "websockets (>=7.0)"]
client = ["requests (>=2.21.0)", "websocket-client (>=0.54.0)"]

[[package]]
category = "main"
description = "World timezone definitions, modern and historical"
name = "pytz"
optional = false
python-versions = "*"
version = "2019.3"

[[package]]
category = "main"
description = "Python HTTP for Humans."
name = "requests"
optional = false
python-versions = ">=2.7, !=3.0.*, !=3.1.*, !=3.2.*, !=3.3.*, !=3.4.*"
version = "2.22.0"

[package.dependencies]
certifi = ">=2017.4.17"
chardet = ">=3.0.2,<3.1.0"
idna = ">=2.5,<2.9"
urllib3 = ">=1.21.1,<1.25.0 || >1.25.0,<1.25.1 || >1.25.1,<1.26"

[package.extras]
security = ["pyOpenSSL (>=0.14)", "cryptography (>=1.3.4)", "idna (>=2.0.0)"]
socks = ["PySocks (>=1.5.6,<1.5.7 || >1.5.7)", "win-inet-pton"]

[[package]]
category = "main"
description = "async-await support for `requests`."
name = "requests-async"
optional = false
python-versions = ">=3.6"
version = "0.5.0"

[package.dependencies]
httpcore = ">=0.3.0,<0.4.0"
requests = ">=2.0.0,<3.0.0"

[[package]]
category = "main"
description = "Validating URI References per RFC 3986"
name = "rfc3986"
optional = false
python-versions = "*"
version = "1.3.2"

[package.extras]
idna2008 = ["idna"]

[[package]]
category = "main"
description = "A web server and web framework that's written to go fast. Build fast. Run fast."
name = "sanic"
optional = false
python-versions = "*"
version = "19.9.0"

[package.dependencies]
aiofiles = ">=0.3.0"
httptools = ">=0.0.10"
multidict = ">=4.0,<5.0"
requests-async = "0.5.0"
ujson = ">=1.35"
uvloop = ">=0.5.3"
websockets = ">=7.0,<9.0"

[package.extras]
all = ["pytest (5.2.1)", "multidict (>=4.0,<5.0)", "gunicorn", "pytest-cov", "httpcore (0.3.0)", "beautifulsoup4", "pytest-sanic", "pytest-sugar", "pytest-benchmark", "aiofiles", "tox", "black", "flake8", "bandit", "towncrier", "sphinx (>=2.1.2)", "sphinx-rtd-theme", "recommonmark (>=0.5.0)", "docutils", "pygments", "uvloop (>=0.5.3)", "ujson (>=1.35)"]
dev = ["pytest (5.2.1)", "multidict (>=4.0,<5.0)", "gunicorn", "pytest-cov", "httpcore (0.3.0)", "beautifulsoup4", "pytest-sanic", "pytest-sugar", "pytest-benchmark", "aiofiles", "tox", "black", "flake8", "bandit", "towncrier", "uvloop (>=0.5.3)", "ujson (>=1.35)"]
docs = ["sphinx (>=2.1.2)", "sphinx-rtd-theme", "recommonmark (>=0.5.0)", "docutils", "pygments"]
test = ["pytest (5.2.1)", "multidict (>=4.0,<5.0)", "gunicorn", "pytest-cov", "httpcore (0.3.0)", "beautifulsoup4", "pytest-sanic", "pytest-sugar", "pytest-benchmark", "uvloop (>=0.5.3)", "ujson (>=1.35)"]

[[package]]
category = "main"
description = "A Sanic extension adding a decorator for CORS support. Based on flask-cors by Cory Dolphin."
name = "sanic-cors"
optional = false
python-versions = "*"
version = "0.9.9.post3"

[package.dependencies]
sanic = ">=0.8.3"
sanic-plugins-framework = ">=0.8.2"

[[package]]
category = "main"
description = "JWT oauth flow for Sanic"
name = "sanic-jwt"
optional = false
python-versions = "*"
version = "1.3.2"

[package.dependencies]
pyjwt = "*"

[package.extras]
all = ["sphinx", "sphinx"]
docs = ["sphinx"]

[[package]]
category = "main"
description = "Doing all of the boilerplate to create a Sanic Plugin, so you don't have to."
name = "sanic-plugins-framework"
optional = false
python-versions = "*"
version = "0.8.2"

[package.dependencies]
sanic = ">=0.8.3"

[[package]]
category = "main"
description = "Python 2 and 3 compatibility utilities"
name = "six"
optional = false
python-versions = ">=2.6, !=3.0.*, !=3.1.*"
version = "1.12.0"

[[package]]
category = "main"
description = "Database Abstraction Library"
name = "sqlalchemy"
optional = false
python-versions = ">=2.7, !=3.0.*, !=3.1.*, !=3.2.*, !=3.3.*"
version = "1.3.10"

[package.extras]
mssql = ["pyodbc"]
mssql_pymssql = ["pymssql"]
mssql_pyodbc = ["pyodbc"]
mysql = ["mysqlclient"]
oracle = ["cx-oracle"]
postgresql = ["psycopg2"]
postgresql_pg8000 = ["pg8000"]
postgresql_psycopg2binary = ["psycopg2-binary"]
postgresql_psycopg2cffi = ["psycopg2cffi"]
pymysql = ["pymysql"]

[[package]]
category = "dev"
description = "Python Library for Tom's Obvious, Minimal Language"
name = "toml"
optional = false
python-versions = "*"
version = "0.10.0"

[[package]]
category = "main"
description = "tzinfo object for the local timezone"
name = "tzlocal"
optional = false
python-versions = "*"
version = "2.0.0"

[package.dependencies]
pytz = "*"

[[package]]
category = "main"
description = "Ultra fast JSON encoder and decoder for Python"
marker = "sys_platform != \"win32\" and implementation_name == \"cpython\""
name = "ujson"
optional = false
python-versions = "*"
version = "1.35"

[[package]]
category = "main"
description = "HTTP library with thread-safe connection pooling, file post, and more."
name = "urllib3"
optional = false
python-versions = ">=2.7, !=3.0.*, !=3.1.*, !=3.2.*, !=3.3.*, <4"
version = "1.25.6"

[package.extras]
brotli = ["brotlipy (>=0.6.0)"]
secure = ["pyOpenSSL (>=0.14)", "cryptography (>=1.3.4)", "idna (>=2.0.0)", "certifi", "ipaddress"]
socks = ["PySocks (>=1.5.6,<1.5.7 || >1.5.7,<2.0)"]

[[package]]
category = "main"
description = "Fast implementation of asyncio event loop on top of libuv"
marker = "sys_platform != \"win32\" and implementation_name == \"cpython\""
name = "uvloop"
optional = false
python-versions = "*"
version = "0.13.0"

[[package]]
category = "main"
description = "An implementation of the WebSocket Protocol (RFC 6455 & 7692)"
name = "websockets"
optional = false
python-versions = ">=3.6"
version = "8.0.2"

[[package]]
category = "dev"
description = "Backport of pathlib-compatible object wrapper for zip files"
marker = "python_version < \"3.8\""
name = "zipp"
optional = false
python-versions = ">=2.7"
version = "0.6.0"

[package.dependencies]
more-itertools = "*"

[package.extras]
docs = ["sphinx", "jaraco.packaging (>=3.2)", "rst.linker (>=1.9)"]
testing = ["pathlib2", "contextlib2", "unittest2"]

[metadata]
content-hash = "1810d6ad2f56e48e8d0b43b140430d73c18a7b07f13157a9763436fa179b1da1"
python-versions = "^3.7"

[metadata.hashes]
aiofiles = ["021ea0ba314a86027c166ecc4b4c07f2d40fc0f4b3a950d1868a0f2571c2bbee", "1e644c2573f953664368de28d2aa4c89dfd64550429d0c27c4680ccd3aa4985d"]
alembic = ["9f907d7e8b286a1cfb22db9084f9ce4fde7ad7956bb496dc7c952e10ac90e36a"]
appdirs = ["9e5896d1372858f8dd3344faf4e5014d21849c756c8d5701f78f8a103b372d92", "d8b24664561d0d34ddfaec54636d502d7cea6e29c3eaf68f3df6180863e2166e"]
apscheduler = ["529afb7909e08416132891188cbfea5351eb35e4a684b67e983d819e8d01a6b0", "cde18f6dbffa1b75aff67fd7fe423a3020cb0363f6c67bd45f24306d90898231"]
argon2-cffi = ["00e94a65d46c3f6f2ffab769e860efc21f77e55bd8fcdfde422bd07c632b3fcc", "0920cfe813cd82e85c4fa84c8a01801a7cb376a8ed8267a1608e70a886953ac7", "0abe0ab4f3ba927367812a5c345dc6ae7d58129e0c47732746da8058cccdfd55", "13082f670904dcb7f4ef39216139ace2d981f9050a8f3766e566f845e8c634fc", "184fee11f483b9168a32afaea8064abe464c1bb090d320f64f3609f1bbbdb691", "246860c7955aa614518a19277b06dda34902c54535aefd9220d07c774391890e", "27cb7791793a854ca9f9de5cc62e93c1a7812d11d600ef3ca14fe93ae7426799", "49ec16a14e8182ed63daa5d7a13d12da6bfc46eebaac4b238c8d15533b621cf0", "5335f4caae27c00097bdd17c6a07a0ef32f47364cff3141451229c481f82abc6", "61d2b16c08ce5c24f91d2d2917c2300a90bb78672060876a335e1014727ced57", "72fae6bf37c25fdb9b4d30c2b9d658a72ac775249dd132ab3ac03adde619dc14", "73976c0b9d0fc847f967835fce93a9d1c07bf7422f74de2316e25ef6d59ee07e", "748b565d4006a7e9f2b71f9d6ff660b4e150cc38faa29ca1b64b58e238c013b0", "e09d644829887c956478db83c47d1ad26f167b8f08e2ccebc6b78e59aeca60b5", "e27488da690afac92e87cb61ba9cf9a22bff790413f55655ad017456cd58f22c", "f2c7f3cd5fe6770fa21ee3d4bb7ba0e1c207e18ead511d912cbf9571c598c345", "f79045e7673d72ed0f33d78a5e104702f989eb1a0e0eb0ab5534cebc9cdb9142", "ffaa623eea77b497ffbdd1a51e941b33d3bf552c60f14dbee274c4070677bda3"]
atomicwrites = ["03472c30eb2c5d1ba9227e4c2ca66ab8287fbfbbda3888aa93dc2e28fc6811b4", "75a9445bac02d8d058d5e1fe689654ba5a6556a1dfd8ce6ec55a0ed79866cfa6"]
attrs = ["08a96c641c3a74e44eb59afb61a24f2cb9f4d7188748e76ba4bb5edfa3cb7d1c", "f7b7ce16570fe9965acd6d30101a28f62fb4a7f9e926b3bbc9b61f8b04247e72"]
black = ["817243426042db1d36617910df579a54f1afd659adb96fc5032fcf4b36209739", "e030a9a28f542debc08acceb273f228ac422798e5215ba2a791a6ddeaaca22a5"]
cerberus = ["0be48fc0dc84f83202a5309c0aa17cd5393e70731a1698a50d118b762fbe6875"]
certifi = ["e4f3620cfea4f83eedc95b24abd9cd56f3c4b146dd0177e83a21b4eb49e21e50", "fd7c7c74727ddcf00e9acd26bba8da604ffec95bf1c2144e67aff7a8b50e6cef"]
cffi = ["00d890313797d9fe4420506613384b43099ad7d2b905c0752dbcc3a6f14d80fa", "0cf9e550ac6c5e57b713437e2f4ac2d7fd0cd10336525a27224f5fc1ec2ee59a", "0ea23c9c0cdd6778146a50d867d6405693ac3b80a68829966c98dd5e1bbae400", "193697c2918ecdb3865acf6557cddf5076bb39f1f654975e087b67efdff83365", "1ae14b542bf3b35e5229439c35653d2ef7d8316c1fffb980f9b7647e544baa98", "1e389e069450609c6ffa37f21f40cce36f9be7643bbe5051ab1de99d5a779526", "263242b6ace7f9cd4ea401428d2d45066b49a700852334fd55311bde36dcda14", "33142ae9807665fa6511cfa9857132b2c3ee6ddffb012b3f0933fc11e1e830d5", "364f8404034ae1b232335d8c7f7b57deac566f148f7222cef78cf8ae28ef764e", "47368f69fe6529f8f49a5d146ddee713fc9057e31d61e8b6dc86a6a5e38cecc1", "4895640844f17bec32943995dc8c96989226974dfeb9dd121cc45d36e0d0c434", "558b3afef987cf4b17abd849e7bedf64ee12b28175d564d05b628a0f9355599b", "5ba86e1d80d458b338bda676fd9f9d68cb4e7a03819632969cf6d46b01a26730", "63424daa6955e6b4c70dc2755897f5be1d719eabe71b2625948b222775ed5c43", "6381a7d8b1ebd0bc27c3bc85bc1bfadbb6e6f756b4d4db0aa1425c3719ba26b4", "6381ab708158c4e1639da1f2a7679a9bbe3e5a776fc6d1fd808076f0e3145331", "6fd58366747debfa5e6163ada468a90788411f10c92597d3b0a912d07e580c36", "728ec653964655d65408949b07f9b2219df78badd601d6c49e28d604efe40599", "7cfcfda59ef1f95b9f729c56fe8a4041899f96b72685d36ef16a3440a0f85da8", "819f8d5197c2684524637f940445c06e003c4a541f9983fd30d6deaa2a5487d8", "825ecffd9574557590e3225560a8a9d751f6ffe4a49e3c40918c9969b93395fa", "8a2bcae2258d00fcfc96a9bde4a6177bc4274fe033f79311c5dd3d3148c26518", "9009e917d8f5ef780c2626e29b6bc126f4cb2a4d43ca67aa2b40f2a5d6385e78", "9c77564a51d4d914ed5af096cd9843d90c45b784b511723bd46a8a9d09cf16fc", "a19089fa74ed19c4fe96502a291cfdb89223a9705b1d73b3005df4256976142e", "a40ed527bffa2b7ebe07acc5a3f782da072e262ca994b4f2085100b5a444bbb2", "b8f09f21544b9899defb09afbdaeb200e6a87a2b8e604892940044cf94444644", "bb75ba21d5716abc41af16eac1145ab2e471deedde1f22c6f99bd9f995504df0", "e22a00c0c81ffcecaf07c2bfb3672fa372c50e2bd1024ffee0da191c1b27fc71", "e55b5a746fb77f10c83e8af081979351722f6ea48facea79d470b3731c7b2891", "ec2fa3ee81707a5232bf2dfbd6623fdb278e070d596effc7e2d788f2ada71a05", "fd82eb4694be712fcae03c717ca2e0fc720657ac226b80bbb597e971fc6928c2"]
chardet = ["84ab92ed1c4d4f16916e05906b6b75a6c0fb5db821cc65e70cbd64a3e2a5eaae", "fc323ffcaeaed0e0a02bf4d117757b98aed530d9ed4531e3e15460124c106691"]
click = ["2335065e6395b9e67ca716de5f7526736bfa6ceead690adf616d925bdc622b13", "5b94b49521f6456670fdb30cd82a4eca9412788a93fa6dd6df72c94d5a8ff2d7"]
colorama = ["05eed71e2e327246ad6b38c540c4a3117230b19679b875190486ddd2d721422d", "f8ac84de7840f5b9c4e3347b3c1eaa50f7e49c2b07596221daec5edaabbd7c48"]
coverage = ["08907593569fe59baca0bf152c43f3863201efb6113ecb38ce7e97ce339805a6", "0be0f1ed45fc0c185cfd4ecc19a1d6532d72f86a2bac9de7e24541febad72650", "141f08ed3c4b1847015e2cd62ec06d35e67a3ac185c26f7635f4406b90afa9c5", "19e4df788a0581238e9390c85a7a09af39c7b539b29f25c89209e6c3e371270d", "23cc09ed395b03424d1ae30dcc292615c1372bfba7141eb85e11e50efaa6b351", "245388cda02af78276b479f299bbf3783ef0a6a6273037d7c60dc73b8d8d7755", "331cb5115673a20fb131dadd22f5bcaf7677ef758741312bee4937d71a14b2ef", "386e2e4090f0bc5df274e720105c342263423e77ee8826002dcffe0c9533dbca", "3a794ce50daee01c74a494919d5ebdc23d58873747fa0e288318728533a3e1ca", "60851187677b24c6085248f0a0b9b98d49cba7ecc7ec60ba6b9d2e5574ac1ee9", "63a9a5fc43b58735f65ed63d2cf43508f462dc49857da70b8980ad78d41d52fc", "6b62544bb68106e3f00b21c8930e83e584fdca005d4fffd29bb39fb3ffa03cb5", "6ba744056423ef8d450cf627289166da65903885272055fb4b5e113137cfa14f", "7494b0b0274c5072bddbfd5b4a6c6f18fbbe1ab1d22a41e99cd2d00c8f96ecfe", "826f32b9547c8091679ff292a82aca9c7b9650f9fda3e2ca6bf2ac905b7ce888", "93715dffbcd0678057f947f496484e906bf9509f5c1c38fc9ba3922893cda5f5", "9a334d6c83dfeadae576b4d633a71620d40d1c379129d587faa42ee3e2a85cce", "af7ed8a8aa6957aac47b4268631fa1df984643f07ef00acd374e456364b373f5", "bf0a7aed7f5521c7ca67febd57db473af4762b9622254291fbcbb8cd0ba5e33e", "bf1ef9eb901113a9805287e090452c05547578eaab1b62e4ad456fcc049a9b7e", "c0afd27bc0e307a1ffc04ca5ec010a290e49e3afbe841c5cafc5c5a80ecd81c9", "dd579709a87092c6dbee09d1b7cfa81831040705ffa12a1b248935274aee0437", "df6712284b2e44a065097846488f66840445eb987eb81b3cc6e4149e7b6982e1", "e07d9f1a23e9e93ab5c62902833bf3e4b1f65502927379148b6622686223125c", "e2ede7c1d45e65e209d6093b762e98e8318ddeff95317d07a27a2140b80cfd24", "e4ef9c164eb55123c62411f5936b5c2e521b12356037b6e1c2617cef45523d47", "eca2b7343524e7ba246cab8ff00cab47a2d6d54ada3b02772e908a45675722e2", "eee64c616adeff7db37cc37da4180a3a5b6177f5c46b187894e633f088fb5b28", "ef824cad1f980d27f26166f86856efe11eff9912c4fed97d3804820d43fa550c", "efc89291bd5a08855829a3c522df16d856455297cf35ae827a37edac45f466a7", "fa964bae817babece5aa2e8c1af841bebb6d0b9add8e637548809d040443fee0", "ff37757e068ae606659c28c3bd0d923f9d29a85de79bf25b2b34b148473b5025"]
decorator = ["54c38050039232e1db4ad7375cfce6748d7b41c29e95a081c8a6d2c30364a2ce", "5d19b92a3c8f7f101c8dd86afd86b0f061a8ce4540ab8cd401fa2542756bce6d"]
h11 = ["acca6a44cb52a32ab442b1779adf0875c443c689e9e028f8d831a3769f9c5208", "f2b1ca39bfed357d1f19ac732913d5f9faa54a5062eca7d2ec3a916cfb7ae4c7"]
h2 = ["ac377fcf586314ef3177bfd90c12c7826ab0840edeb03f0f24f511858326049e", "b8a32bd282594424c0ac55845377eea13fa54fe4a8db012f3a198ed923dc3ab4"]
hpack = ["0edd79eda27a53ba5be2dfabf3b15780928a0dff6eb0c60a3d6767720e970c89", "8eec9c1f4bfae3408a3f30500261f7e6a65912dc138526ea054f9ad98892e9d2"]
httpcore = ["96f910b528d47b683242ec207050c7bbaa99cd1b9a07f78ea80cf61e55556b58"]
httptools = ["e00cbd7ba01ff748e494248183abc6e153f49181169d8a3d41bb49132ca01dfc"]
hyperframe = ["5187962cb16dcc078f23cb5a4b110098d546c3f41ff2d4038a9896893bbd0b40", "a9f5c17f2cc3c719b917c4f33ed1c61bd1f8dfac4b1bd23b7c80b3400971b41f"]
idna = ["c357b3f628cf53ae2c4c05627ecc484553142ca23264e593d327bcde5e9c3407", "ea8b7f6188e6fa117537c3df7da9fc686d485087abf6ac197f9c46432f7e4a3c"]
importlib-metadata = ["aa18d7378b00b40847790e7c27e11673d7fed219354109d0e7b9e5b25dc3ad26", "d5f18a79777f3aa179c145737780282e27b508fc8fd688cb17c7a813e8bd39af"]
isort = ["54da7e92468955c4fceacd0c86bd0ec997b0e1ee80d97f67c35a78b719dccab1", "6e811fcb295968434526407adb8796944f1988c5b65e8139058f2014cbe100fd"]
mako = ["a36919599a9b7dc5d86a7a8988f23a9a3a3d083070023bab23d64f7f1d1e0a4b"]
markupsafe = ["00bc623926325b26bb9605ae9eae8a215691f33cae5df11ca5424f06f2d1f473", "09027a7803a62ca78792ad89403b1b7a73a01c8cb65909cd876f7fcebd79b161", "09c4b7f37d6c648cb13f9230d847adf22f8171b1ccc4d5682398e77f40309235", "1027c282dad077d0bae18be6794e6b6b8c91d58ed8a8d89a89d59693b9131db5", "24982cc2533820871eba85ba648cd53d8623687ff11cbb805be4ff7b4c971aff", "29872e92839765e546828bb7754a68c418d927cd064fd4708fab9fe9c8bb116b", "43a55c2930bbc139570ac2452adf3d70cdbb3cfe5912c71cdce1c2c6bbd9c5d1", "46c99d2de99945ec5cb54f23c8cd5689f6d7177305ebff350a58ce5f8de1669e", "500d4957e52ddc3351cabf489e79c91c17f6e0899158447047588650b5e69183", "535f6fc4d397c1563d08b88e485c3496cf5784e927af890fb3c3aac7f933ec66", "62fe6c95e3ec8a7fad637b7f3d372c15ec1caa01ab47926cfdf7a75b40e0eac1", "6dd73240d2af64df90aa7c4e7481e23825ea70af4b4922f8ede5b9e35f78a3b1", "717ba8fe3ae9cc0006d7c451f0bb265ee07739daf76355d06366154ee68d221e", "79855e1c5b8da654cf486b830bd42c06e8780cea587384cf6545b7d9ac013a0b", "7c1699dfe0cf8ff607dbdcc1e9b9af1755371f92a68f706051cc8c37d447c905", "88e5fcfb52ee7b911e8bb6d6aa2fd21fbecc674eadd44118a9cc3863f938e735", "8defac2f2ccd6805ebf65f5eeb132adcf2ab57aa11fdf4c0dd5169a004710e7d", "98c7086708b163d425c67c7a91bad6e466bb99d797aa64f965e9d25c12111a5e", "9add70b36c5666a2ed02b43b335fe19002ee5235efd4b8a89bfcf9005bebac0d", "9bf40443012702a1d2070043cb6291650a0841ece432556f784f004937f0f32c", "ade5e387d2ad0d7ebf59146cc00c8044acbd863725f887353a10df825fc8ae21", "b00c1de48212e4cc9603895652c5c410df699856a2853135b3967591e4beebc2", "b1282f8c00509d99fef04d8ba936b156d419be841854fe901d8ae224c59f0be5", "b2051432115498d3562c084a49bba65d97cf251f5a331c64a12ee7e04dacc51b", "ba59edeaa2fc6114428f1637ffff42da1e311e29382d81b339c1817d37ec93c6", "c8716a48d94b06bb3b2524c2b77e055fb313aeb4ea620c8dd03a105574ba704f", "cd5df75523866410809ca100dc9681e301e3c27567cf498077e8551b6d20e42f", "e249096428b3ae81b08327a63a485ad0878de3fb939049038579ac0ef61e17e7"]
more-itertools = ["409cd48d4db7052af495b09dec721011634af3753ae1ef92d2b32f73a745f832", "92b8c4b06dac4f0611c0729b2f2ede52b2e1bac1ab48f089c7ddc12e26bb60c4"]
multidict = ["024b8129695a952ebd93373e45b5d341dbb87c17ce49637b34000093f243dd4f", "041e9442b11409be5e4fc8b6a97e4bcead758ab1e11768d1e69160bdde18acc3", "045b4dd0e5f6121e6f314d81759abd2c257db4634260abcfe0d3f7083c4908ef", "047c0a04e382ef8bd74b0de01407e8d8632d7d1b4db6f2561106af812a68741b", "068167c2d7bbeebd359665ac4fff756be5ffac9cda02375b5c5a7c4777038e73", "148ff60e0fffa2f5fad2eb25aae7bef23d8f3b8bdaf947a65cdbe84a978092bc", "1d1c77013a259971a72ddaa83b9f42c80a93ff12df6a4723be99d858fa30bee3", "1d48bc124a6b7a55006d97917f695effa9725d05abe8ee78fd60d6588b8344cd", "31dfa2fc323097f8ad7acd41aa38d7c614dd1960ac6681745b6da124093dc351", "34f82db7f80c49f38b032c5abb605c458bac997a6c3142e0d6c130be6fb2b941", "3d5dd8e5998fb4ace04789d1d008e2bb532de501218519d70bb672c4c5a2fc5d", "4a6ae52bd3ee41ee0f3acf4c60ceb3f44e0e3bc52ab7da1c2b2aa6703363a3d1", "4b02a3b2a2f01d0490dd39321c74273fed0568568ea0e7ea23e02bd1fb10a10b", "4b843f8e1dd6a3195679d9838eb4670222e8b8d01bc36c9894d6c3538316fa0a", "5de53a28f40ef3c4fd57aeab6b590c2c663de87a5af76136ced519923d3efbb3", "61b2b33ede821b94fa99ce0b09c9ece049c7067a33b279f343adfe35108a4ea7", "6a3a9b0f45fd75dc05d8e93dc21b18fc1670135ec9544d1ad4acbcf6b86781d0", "76ad8e4c69dadbb31bad17c16baee61c0d1a4a73bed2590b741b2e1a46d3edd0", "7ba19b777dc00194d1b473180d4ca89a054dd18de27d0ee2e42a103ec9b7d014", "7c1b7eab7a49aa96f3db1f716f0113a8a2e93c7375dd3d5d21c4941f1405c9c5", "7fc0eee3046041387cbace9314926aa48b681202f8897f8bff3809967a049036", "8ccd1c5fff1aa1427100ce188557fc31f1e0a383ad8ec42c559aabd4ff08802d", "8e08dd76de80539d613654915a2f5196dbccc67448df291e69a88712ea21e24a", "c18498c50c59263841862ea0501da9f2b3659c00db54abfbf823a80787fde8ce", "c49db89d602c24928e68c0d510f4fcf8989d77defd01c973d6cbe27e684833b1", "ce20044d0317649ddbb4e54dab3c1bcc7483c78c27d3f58ab3d0c7e6bc60d26a", "d1071414dd06ca2eafa90c85a079169bfeb0e5f57fd0b45d44c092546fcd6fd9", "d3be11ac43ab1a3e979dac80843b42226d5d3cccd3986f2e03152720a4297cd7", "db603a1c235d110c860d5f39988ebc8218ee028f07a7cbc056ba6424372ca31b"]
networkx = ["cdfbf698749a5014bf2ed9db4a07a5295df1d3a53bf80bf3cbd61edf9df05fa1", "f8f4ff0b6f96e4f9b16af6b84622597b5334bf9cae8cf9b2e42e7985d5c95c64"]
passlib = ["3d948f64138c25633613f303bcc471126eae67c04d5e3f6b7b8ce6242f8653e0", "43526aea08fa32c6b6dbbbe9963c4c767285b78147b7437597f992812f69d280"]
pluggy = ["0db4b7601aae1d35b4a033282da476845aa19185c1e6964b25cf324b5e4ec3e6", "fa5fa1622fa6dd5c030e9cad086fa19ef6a0cf6d7a2d12318e10cb49d6d68f34"]
psycopg2 = ["47fc642bf6f427805daf52d6e52619fe0637648fe27017062d898f3bf891419d", "72772181d9bad1fa349792a1e7384dde56742c14af2b9986013eb94a240f005b", "8396be6e5ff844282d4d49b81631772f80dabae5658d432202faf101f5283b7c", "893c11064b347b24ecdd277a094413e1954f8a4e8cdaf7ffbe7ca3db87c103f0", "965c4c93e33e6984d8031f74e51227bd755376a9df6993774fd5b6fb3288b1f4", "9ab75e0b2820880ae24b7136c4d230383e07db014456a476d096591172569c38", "b0845e3bdd4aa18dc2f9b6fb78fbd3d9d371ad167fd6d1b7ad01c0a6cdad4fc6", "dca2d7203f0dfce8ea4b3efd668f8ea65cd2b35112638e488a4c12594015f67b", "ed686e5926929887e2c7ae0a700e32c6129abb798b4ad2b846e933de21508151", "ef6df7e14698e79c59c7ee7cf94cd62e5b869db369ed4b1b8f7b729ea825712a", "f898e5cc0a662a9e12bde6f931263a1bbd350cfb18e1d5336a12927851825bb6"]
py = ["64f65755aee5b381cea27766a3a147c3f15b9b6b9ac88676de66ba2ae36793fa", "dc639b046a6e2cff5bbe40194ad65936d6ba360b52b3c3fe1d08a82dd50b5e53"]
pycparser = ["a988718abfad80b6b157acce7bf130a30876d27603738ac39f140993246b25b3"]
pyjwt = ["5c6eca3c2940464d106b99ba83b00c6add741c9becaec087fb7ccdefea71350e", "8d59a976fb773f3e6a39c85636357c4f0e242707394cadadd9814f5cbaa20e96"]
pytest = ["3f193df1cfe1d1609d4c583838bea3d532b18d6160fd3f55c9447fdca30848ec", "e246cf173c01169b9617fc07264b7b1316e78d7a650055235d6d897bc80d9660"]
pytest-cov = ["cc6742d8bac45070217169f5f72ceee1e0e55b0221f54bcf24845972d3a47f2b", "cdbdef4f870408ebdbfeb44e63e07eb18bb4619fae852f6e760645fa36172626"]
python-dateutil = ["7e6584c74aeed623791615e26efd690f29817a27c73085b78e4bad02493df2fb", "c89805f6f4d64db21ed966fda138f8a5ed7a4fdbc1a8ee329ce1b74e3c74da9e"]
python-dotenv = ["debd928b49dbc2bf68040566f55cdb3252458036464806f4094487244e2a4093", "f157d71d5fec9d4bd5f51c82746b6344dffa680ee85217c123f4a0c8117c4544"]
python-editor = ["1bf6e860a8ad52a14c3ee1252d5dc25b2030618ed80c022598f00176adc8367d", "51fda6bcc5ddbbb7063b2af7509e43bd84bfc32a4ff71349ec7847713882327b", "5f98b069316ea1c2ed3f67e7f5df6c0d8f10b689964a4a811ff64f0106819ec8", "c3da2053dbab6b29c94e43c486ff67206eafbe7eb52dbec7390b5e2fb05aac77", "ea87e17f6ec459e780e4221f295411462e0d0810858e055fc514684350a2f522"]
python-engineio = ["4a13fb87c819b855c55a731fdf82559adb8311c04cfdfebd6b9ecd1c2afbb575", "9c9a6035b4b5e5a225f426f846afa14cf627f7571d1ae02167cb703fefd134b7"]
python-socketio = ["506b2cf7a520b40ea0b3f25e1272eff8de134dce6f471c1f6bc0de8c90fe8c57", "d4e2c23241afa0aae2a5bcc107523b2fcc71f5020df89a093f3634eb48955967"]
pytz = ["1c557d7d0e871de1f5ccd5833f60fb2550652da6be2693c1e02300743d21500d", "b02c06db6cf09c12dd25137e563b31700d3b80fcc4ad23abb7a315f2789819be"]
requests = ["11e007a8a2aa0323f5a921e9e6a2d7e4e67d9877e85773fba9ba6419025cbeb4", "9cf5292fcd0f598c671cfc1e0d7d1a7f13bb8085e9a590f48c010551dc6c4b31"]
requests-async = ["8731420451383196ecf2fd96082bfc8ae5103ada90aba185888499d7784dde6f"]
rfc3986 = ["0344d0bd428126ce554e7ca2b61787b6a28d2bbd19fc70ed2dd85efe31176405", "df4eba676077cefb86450c8f60121b9ae04b94f65f85b69f3f731af0516b7b18"]
sanic = ["5e975a288d862a57db64349798b0180f2d6a4546ffd34dcd533cdda05467f06c", "fdde669f97d5c7a8223b3ab671b9a2c9fe73dd3461195f9fb3951e87a312164d"]
sanic-cors = ["28f7a87304fd69024e141294f60bff3066cb11eac4aae8c5a80a6b3f8069698e", "4a93f62ded2a9e91370e159c9791039aadc68593149cf903bddaf470b6e98d4a"]
sanic-jwt = ["1740b4ec6e430edd0365c75b45a8d1995fd8508c1ab7a6d5adda182a49a5d87a"]
sanic-plugins-framework = ["7bfa4d4e2b7e0ff487b2297d3e8b8697f6bc49b0c2c3967289716d30cb44d881", "9b1f8f3fa8dcbcc0397adafe919665cce10b82cc41d543ee2f317ac31513a78d"]
six = ["3350809f0555b11f552448330d0b52d5f24c91a322ea4a15ef22629740f3761c", "d16a0141ec1a18405cd4ce8b4613101da75da0e9a7aec5bdd4fa804d0e0eba73"]
sqlalchemy = ["0f0768b5db594517e1f5e1572c73d14cf295140756431270d89496dc13d5e46c"]
toml = ["229f81c57791a41d65e399fc06bf0848bab550a9dfd5ed66df18ce5f05e73d5c", "235682dd292d5899d361a811df37e04a8828a5b1da3115886b73cf81ebc9100e", "f1db651f9657708513243e61e6cc67d101a39bad662eaa9b5546f789338e07a3"]
tzlocal = ["11c9f16e0a633b4b60e1eede97d8a46340d042e67b670b290ca526576e039048", "949b9dd5ba4be17190a80c0268167d7e6c92c62b30026cf9764caf3e308e5590"]
ujson = ["f66073e5506e91d204ab0c614a148d5aa938bdbf104751be66f8ad7a222f5f86"]
urllib3 = ["3de946ffbed6e6746608990594d08faac602528ac7015ac28d33cee6a45b7398", "9a107b99a5393caf59c7aa3c1249c16e6879447533d0887f4336dde834c7be86"]
uvloop = ["0deb6c97c5807c792dd9024bab90e6ca49e981862103cb2ea37b430c1ca0a267", "155b34d513655e753d07f499a7e811970e2d397f240dfcbec0b32a9587159c99", "1df3ddfa280206e9999ae1c777a20836eb895bcec6dc9fae2cbb6eecfafb099e", "5b19361c8767e1dc61f6367f948d4f3dc5504b9f2eba488641b3d26ec14498ba", "942cd07035510b149d6160796f4e972137130ae953871b6a98c2cf5d5ab68c2e", "c63b6c0bf33144c604dd72f7eecf2d3a3ac7405c503c67bd98128cf306efe18a", "e698a20a3b4ccb380d207f9d491d4085d7c38d364f6a0bae98684a1612a9607a"]
websockets = ["049e694abe33f8a1d99969fee7bfc0ae6761f7fd5f297c58ea933b27dd6805f2", "73ce69217e4655783ec72ce11c151053fcbd5b837cc39de7999e19605182e28a", "83e63aa73331b9ca21af61df8f115fb5fbcba3f281bee650a4ad16a40cd1ef15", "882a7266fa867a2ebb2c0baaa0f9159cabf131cf18c1b4270d79ad42f9208dc5", "8c77f7d182a6ea2a9d09c2612059f3ad859a90243e899617137ee3f6b7f2b584", "8d7a20a2f97f1e98c765651d9fb9437201a9ccc2c70e94b0270f1c5ef29667a3", "a7affaeffbc5d55681934c16bb6b8fc82bb75b175e7fd4dcca798c938bde8dda", "c82e286555f839846ef4f0fdd6910769a577952e1e26aa8ee7a6f45f040e3c2b", "e906128532a14b9d264a43eb48f9b3080d53a9bda819ab45bf56b8039dc606ac", "e9102043a81cdc8b7c8032ff4bce39f6229e4ac39cb2010946c912eeb84e2cb6", "f5cb2683367e32da6a256b60929a3af9c29c212b5091cf5bace9358d03011bf5"]
zipp = ["3718b1cbcd963c7d4c5511a8240812904164b7f381b647143a89d3b98f9bcd8e", "f06903e9f1f43b12d371004b4ac7b06ab39a44adc747266928ae6debfa7b3335"]
